
Microsoft Visual Studio Solution File, Format Version 12.00
# Visual Studio 15
VisualStudioVersion = 15.0.28307.106
MinimumVisualStudioVersion = 10.0.40219.1
Project("{FAE04EC0-301F-11D3-BF4B-00C04F79EFBC}") = "MechahopperCommands", "MecahopperCreateComponents\MechahopperCommands.csproj", "{AD469156-24A4-4B09-8651-594F1F5B0A7B}"
EndProject
Global
	GlobalSection(SolutionConfigurationPlatforms) = preSolution
		Debug|Any CPU = Debug|Any CPU
		Release|Any CPU = Release|Any CPU
	EndGlobalSection
	GlobalSection(ProjectConfigurationPlatforms) = postSolution
		{AD469156-24A4-4B09-8651-594F1F5B0A7B}.Debug|Any CPU.ActiveCfg = Debug|Any CPU
		{AD469156-24A4-4B09-8651-594F1F5B0A7B}.Debug|Any CPU.Build.0 = Debug|Any CPU
		{AD469156-24A4-4B09-8651-594F1F5B0A7B}.Release|Any CPU.ActiveCfg = Release|Any CPU
		{AD469156-24A4-4B09-8651-594F1F5B0A7B}.Release|Any CPU.Build.0 = Release|Any CPU
	EndGlobalSection
	GlobalSection(SolutionProperties) = preSolution
		HideSolutionNode = FALSE
	EndGlobalSection
	GlobalSection(ExtensibilityGlobals) = postSolution
		SolutionGuid = {C418CD19-79EB-4A8C-AC72-039E8798DA23}
	EndGlobalSection
EndGlobal
